
Microsoft Visual Studio Solution File, Format Version 12.00
# Visual Studio Version 16
VisualStudioVersion = 16.0.31321.278
MinimumVisualStudioVersion = 10.0.40219.1
Project("{FAE04EC0-301F-11D3-BF4B-00C04F79EFBC}") = "RestoDaDivisaoURI1133", "RestoDaDivisaoURI1133\RestoDaDivisaoURI1133.csproj", "{C2238ABE-A74E-47F5-94CD-E33A85D1C58A}"
EndProject
Global
	GlobalSection(SolutionConfigurationPlatforms) = preSolution
		Debug|Any CPU = Debug|Any CPU
		Release|Any CPU = Release|Any CPU
	EndGlobalSection
	GlobalSection(ProjectConfigurationPlatforms) = postSolution
		{C2238ABE-A74E-47F5-94CD-E33A85D1C58A}.Debug|Any CPU.ActiveCfg = Debug|Any CPU
		{C2238ABE-A74E-47F5-94CD-E33A85D1C58A}.Debug|Any CPU.Build.0 = Debug|Any CPU
		{C2238ABE-A74E-47F5-94CD-E33A85D1C58A}.Release|Any CPU.ActiveCfg = Release|Any CPU
		{C2238ABE-A74E-47F5-94CD-E33A85D1C58A}.Release|Any CPU.Build.0 = Release|Any CPU
	EndGlobalSection
	GlobalSection(SolutionProperties) = preSolution
		HideSolutionNode = FALSE
	EndGlobalSection
	GlobalSection(ExtensibilityGlobals) = postSolution
		SolutionGuid = {44A96BF2-DA5C-4138-97E9-CA8F5D1441B3}
	EndGlobalSection
EndGlobal
